
Microsoft Visual Studio Solution File, Format Version 12.00
# Visual Studio Version 16
VisualStudioVersion = 16.0.30611.23
MinimumVisualStudioVersion = 10.0.40219.1
Project("{FAE04EC0-301F-11D3-BF4B-00C04F79EFBC}") = "INVOICING SOFTWARE", "INVOICING SOFTWARE\INVOICING SOFTWARE.csproj", "{676E3CFC-5EA9-40C4-8F32-E7843D257233}"
EndProject
Global
	GlobalSection(SolutionConfigurationPlatforms) = preSolution
		Debug|Any CPU = Debug|Any CPU
		Release|Any CPU = Release|Any CPU
	EndGlobalSection
	GlobalSection(ProjectConfigurationPlatforms) = postSolution
		{676E3CFC-5EA9-40C4-8F32-E7843D257233}.Debug|Any CPU.ActiveCfg = Debug|Any CPU
		{676E3CFC-5EA9-40C4-8F32-E7843D257233}.Debug|Any CPU.Build.0 = Debug|Any CPU
		{676E3CFC-5EA9-40C4-8F32-E7843D257233}.Release|Any CPU.ActiveCfg = Release|Any CPU
		{676E3CFC-5EA9-40C4-8F32-E7843D257233}.Release|Any CPU.Build.0 = Release|Any CPU
	EndGlobalSection
	GlobalSection(SolutionProperties) = preSolution
		HideSolutionNode = FALSE
	EndGlobalSection
	GlobalSection(ExtensibilityGlobals) = postSolution
		SolutionGuid = {5D0030D0-F9A2-4109-BA48-CA68B9566B59}
	EndGlobalSection
EndGlobal
